// !$*UTF8*$!
{
	archiveVersion = 1;
	classes = {
	};
	objectVersion = 77;
	objects = {

/* Begin PBXContainerItemProxy section */
		DC8535C12D808AAC00CDE954 /* PBXContainerItemProxy */ = {
			isa = PBXContainerItemProxy;
			containerPortal = DC8535A82D808AAA00CDE954 /* Project object */;
			proxyType = 1;
			remoteGlobalIDString = DC8535AF2D808AAA00CDE954;
			remoteInfo = ScreenRecorder;
		};
		DC8535CB2D808AAC00CDE954 /* PBXContainerItemProxy */ = {
			isa = PBXContainerItemProxy;
			containerPortal = DC8535A82D808AAA00CDE954 /* Project object */;
			proxyType = 1;
			remoteGlobalIDString = DC8535AF2D808AAA00CDE954;
			remoteInfo = ScreenRecorder;
		};
/* End PBXContainerItemProxy section */

/* Begin PBXFileReference section */
		DC8535B02D808AAA00CDE954 /* ScreenRecorder.app */ = {isa = PBXFileReference; explicitFileType = wrapper.application; includeInIndex = 0; path = ScreenRecorder.app; sourceTree = BUILT_PRODUCTS_DIR; };
		DC8535C02D808AAC00CDE954 /* ScreenRecorderTests.xctest */ = {isa = PBXFileReference; explicitFileType = wrapper.cfbundle; includeInIndex = 0; path = ScreenRecorderTests.xctest; sourceTree = BUILT_PRODUCTS_DIR; };
		DC8535CA2D808AAC00CDE954 /* ScreenRecorderUITests.xctest */ = {isa = PBXFileReference; explicitFileType = wrapper.cfbundle; includeInIndex = 0; path = ScreenRecorderUITests.xctest; sourceTree = BUILT_PRODUCTS_DIR; };
/* End PBXFileReference section */

/* Begin PBXFileSystemSynchronizedRootGroup section */
		DC8535B22D808AAA00CDE954 /* ScreenRecorder */ = {
			isa = PBXFileSystemSynchronizedRootGroup;
			path = ScreenRecorder;
			sourceTree = "<group>";
		};
		DC8535C32D808AAC00CDE954 /* ScreenRecorderTests */ = {
			isa = PBXFileSystemSynchronizedRootGroup;
			path = ScreenRecorderTests;
			sourceTree = "<group>";
		};
		DC8535CD2D808AAC00CDE954 /* ScreenRecorderUITests */ = {
			isa = PBXFileSystemSynchronizedRootGroup;
			path = ScreenRecorderUITests;
			sourceTree = "<group>";
		};
/* End PBXFileSystemSynchronizedRootGroup section */

/* Begin PBXFrameworksBuildPhase section */
		DC8535AD2D808AAA00CDE954 /* Frameworks */ = {
			isa = PBXFrameworksBuildPhase;
			buildActionMask = 2147483647;
			files = (
			);
			runOnlyForDeploymentPostprocessing = 0;
		};
		DC8535BD2D808AAC00CDE954 /* Frameworks */ = {
			isa = PBXFrameworksBuildPhase;
			buildActionMask = 2147483647;
			files = (
			);
			runOnlyForDeploymentPostprocessing = 0;
		};
		DC8535C72D808AAC00CDE954 /* Frameworks */ = {
			isa = PBXFrameworksBuildPhase;
			buildActionMask = 2147483647;
			files = (
			);
			runOnlyForDeploymentPostprocessing = 0;
		};
/* End PBXFrameworksBuildPhase section */

/* Begin PBXGroup section */
		DC8535A72D808AAA00CDE954 = {
			isa = PBXGroup;
			children = (
				DC8535B22D808AAA00CDE954 /* ScreenRecorder */,
				DC8535C32D808AAC00CDE954 /* ScreenRecorderTests */,
				DC8535CD2D808AAC00CDE954 /* ScreenRecorderUITests */,
				DC8535B12D808AAA00CDE954 /* Products */,
			);
			sourceTree = "<group>";
		};
		DC8535B12D808AAA00CDE954 /* Products */ = {
			isa = PBXGroup;
			children = (
				DC8535B02D808AAA00CDE954 /* ScreenRecorder.app */,
				DC8535C02D808AAC00CDE954 /* ScreenRecorderTests.xctest */,
				DC8535CA2D808AAC00CDE954 /* ScreenRecorderUITests.xctest */,
			);
			name = Products;
			sourceTree = "<group>";
		};
/* End PBXGroup section */

/* Begin PBXNativeTarget section */
		DC8535AF2D808AAA00CDE954 /* ScreenRecorder */ = {
			isa = PBXNativeTarget;
			buildConfigurationList = DC8535D42D808AAC00CDE954 /* Build configuration list for PBXNativeTarget "ScreenRecorder" */;
			buildPhases = (
				DC8535AC2D808AAA00CDE954 /* Sources */,
				DC8535AD2D808AAA00CDE954 /* Frameworks */,
				DC8535AE2D808AAA00CDE954 /* Resources */,
			);
			buildRules = (
			);
			dependencies = (
			);
			fileSystemSynchronizedGroups = (
				DC8535B22D808AAA00CDE954 /* ScreenRecorder */,
			);
			name = ScreenRecorder;
			packageProductDependencies = (
			);
			productName = ScreenRecorder;
			productReference = DC8535B02D808AAA00CDE954 /* ScreenRecorder.app */;
			productType = "com.apple.product-type.application";
		};
		DC8535BF2D808AAC00CDE954 /* ScreenRecorderTests */ = {
			isa = PBXNativeTarget;
			buildConfigurationList = DC8535D72D808AAC00CDE954 /* Build configuration list for PBXNativeTarget "ScreenRecorderTests" */;
			buildPhases = (
				DC8535BC2D808AAC00CDE954 /* Sources */,
				DC8535BD2D808AAC00CDE954 /* Frameworks */,
				DC8535BE2D808AAC00CDE954 /* Resources */,
			);
			buildRules = (
			);
			dependencies = (
				DC8535C22D808AAC00CDE954 /* PBXTargetDependency */,
			);
			fileSystemSynchronizedGroups = (
				DC8535C32D808AAC00CDE954 /* ScreenRecorderTests */,
			);
			name = ScreenRecorderTests;
			packageProductDependencies = (
			);
			productName = ScreenRecorderTests;
			productReference = DC8535C02D808AAC00CDE954 /* ScreenRecorderTests.xctest */;
			productType = "com.apple.product-type.bundle.unit-test";
		};
		DC8535C92D808AAC00CDE954 /* ScreenRecorderUITests */ = {
			isa = PBXNativeTarget;
			buildConfigurationList = DC8535DA2D808AAC00CDE954 /* Build configuration list for PBXNativeTarget "ScreenRecorderUITests" */;
			buildPhases = (
				DC8535C62D808AAC00CDE954 /* Sources */,
				DC8535C72D808AAC00CDE954 /* Frameworks */,
				DC8535C82D808AAC00CDE954 /* Resources */,
			);
			buildRules = (
			);
			dependencies = (
				DC8535CC2D808AAC00CDE954 /* PBXTargetDependency */,
			);
			fileSystemSynchronizedGroups = (
				DC8535CD2D808AAC00CDE954 /* ScreenRecorderUITests */,
			);
			name = ScreenRecorderUITests;
			packageProductDependencies = (
			);
			productName = ScreenRecorderUITests;
			productReference = DC8535CA2D808AAC00CDE954 /* ScreenRecorderUITests.xctest */;
			productType = "com.apple.product-type.bundle.ui-testing";
		};
/* End PBXNativeTarget section */

/* Begin PBXProject section */
		DC8535A82D808AAA00CDE954 /* Project object */ = {
			isa = PBXProject;
			attributes = {
				BuildIndependentTargetsInParallel = 1;
				LastSwiftUpdateCheck = 1620;
				LastUpgradeCheck = 1620;
				TargetAttributes = {
					DC8535AF2D808AAA00CDE954 = {
						CreatedOnToolsVersion = 16.2;
					};
					DC8535BF2D808AAC00CDE954 = {
						CreatedOnToolsVersion = 16.2;
						TestTargetID = DC8535AF2D808AAA00CDE954;
					};
					DC8535C92D808AAC00CDE954 = {
						CreatedOnToolsVersion = 16.2;
						TestTargetID = DC8535AF2D808AAA00CDE954;
					};
				};
			};
			buildConfigurationList = DC8535AB2D808AAA00CDE954 /* Build configuration list for PBXProject "ScreenRecorder" */;
			developmentRegion = en;
			hasScannedForEncodings = 0;
			knownRegions = (
				en,
				Base,
			);
			mainGroup = DC8535A72D808AAA00CDE954;
			minimizedProjectReferenceProxies = 1;
			preferredProjectObjectVersion = 77;
			productRefGroup = DC8535B12D808AAA00CDE954 /* Products */;
			projectDirPath = "";
			projectRoot = "";
			targets = (
				DC8535AF2D808AAA00CDE954 /* ScreenRecorder */,
				DC8535BF2D808AAC00CDE954 /* ScreenRecorderTests */,
				DC8535C92D808AAC00CDE954 /* ScreenRecorderUITests */,
			);
		};
/* End PBXProject section */

/* Begin PBXResourcesBuildPhase section */
		DC8535AE2D808AAA00CDE954 /* Resources */ = {
			isa = PBXResourcesBuildPhase;
			buildActionMask = 2147483647;
			files = (
			);
			runOnlyForDeploymentPostprocessing = 0;
		};
		DC8535BE2D808AAC00CDE954 /* Resources */ = {
			isa = PBXResourcesBuildPhase;
			buildActionMask = 2147483647;
			files = (
			);
			runOnlyForDeploymentPostprocessing = 0;
		};
		DC8535C82D808AAC00CDE954 /* Resources */ = {
			isa = PBXResourcesBuildPhase;
			buildActionMask = 2147483647;
			files = (
			);
			runOnlyForDeploymentPostprocessing = 0;
		};
/* End PBXResourcesBuildPhase section */

/* Begin PBXSourcesBuildPhase section */
		DC8535AC2D808AAA00CDE954 /* Sources */ = {
			isa = PBXSourcesBuildPhase;
			buildActionMask = 2147483647;
			files = (
			);
			runOnlyForDeploymentPostprocessing = 0;
		};
		DC8535BC2D808AAC00CDE954 /* Sources */ = {
			isa = PBXSourcesBuildPhase;
			buildActionMask = 2147483647;
			files = (
			);
			runOnlyForDeploymentPostprocessing = 0;
		};
		DC8535C62D808AAC00CDE954 /* Sources */ = {
			isa = PBXSourcesBuildPhase;
			buildActionMask = 2147483647;
			files = (
			);
			runOnlyForDeploymentPostprocessing = 0;
		};
/* End PBXSourcesBuildPhase section */

/* Begin PBXTargetDependency section */
		DC8535C22D808AAC00CDE954 /* PBXTargetDependency */ = {
			isa = PBXTargetDependency;
			target = DC8535AF2D808AAA00CDE954 /* ScreenRecorder */;
			targetProxy = DC8535C12D808AAC00CDE954 /* PBXContainerItemProxy */;
		};
		DC8535CC2D808AAC00CDE954 /* PBXTargetDependency */ = {
			isa = PBXTargetDependency;
			target = DC8535AF2D808AAA00CDE954 /* ScreenRecorder */;
			targetProxy = DC8535CB2D808AAC00CDE954 /* PBXContainerItemProxy */;
		};
/* End PBXTargetDependency section */

/* Begin XCBuildConfiguration section */
		DC8535D22D808AAC00CDE954 /* Debug */ = {
			isa = XCBuildConfiguration;
			buildSettings = {
				ALWAYS_SEARCH_USER_PATHS = NO;
				ASSETCATALOG_COMPILER_GENERATE_SWIFT_ASSET_SYMBOL_EXTENSIONS = YES;
				CLANG_ANALYZER_NONNULL = YES;
				CLANG_ANALYZER_NUMBER_OBJECT_CONVERSION = YES_AGGRESSIVE;
				CLANG_CXX_LANGUAGE_STANDARD = "gnu++20";
				CLANG_ENABLE_MODULES = YES;
				CLANG_ENABLE_OBJC_ARC = YES;
				CLANG_ENABLE_OBJC_WEAK = YES;
				CLANG_WARN_BLOCK_CAPTURE_AUTORELEASING = YES;
				CLANG_WARN_BOOL_CONVERSION = YES;
				CLANG_WARN_COMMA = YES;
				CLANG_WARN_CONSTANT_CONVERSION = YES;
				CLANG_WARN_DEPRECATED_OBJC_IMPLEMENTATIONS = YES;
				CLANG_WARN_DIRECT_OBJC_ISA_USAGE = YES_ERROR;
				CLANG_WARN_DOCUMENTATION_COMMENTS = YES;
				CLANG_WARN_EMPTY_BODY = YES;
				CLANG_WARN_ENUM_CONVERSION = YES;
				CLANG_WARN_INFINITE_RECURSION = YES;
				CLANG_WARN_INT_CONVERSION = YES;
				CLANG_WARN_NON_LITERAL_NULL_CONVERSION = YES;
				CLANG_WARN_OBJC_IMPLICIT_RETAIN_SELF = YES;
				CLANG_WARN_OBJC_LITERAL_CONVERSION = YES;
				CLANG_WARN_OBJC_ROOT_CLASS = YES_ERROR;
				CLANG_WARN_QUOTED_INCLUDE_IN_FRAMEWORK_HEADER = YES;
				CLANG_WARN_RANGE_LOOP_ANALYSIS = YES;
				CLANG_WARN_STRICT_PROTOTYPES = YES;
				CLANG_WARN_SUSPICIOUS_MOVE = YES;
				CLANG_WARN_UNGUARDED_AVAILABILITY = YES_AGGRESSIVE;
				CLANG_WARN_UNREACHABLE_CODE = YES;
				CLANG_WARN__DUPLICATE_METHOD_MATCH = YES;
				COPY_PHASE_STRIP = NO;
				DEBUG_INFORMATION_FORMAT = dwarf;
				ENABLE_STRICT_OBJC_MSGSEND = YES;
				ENABLE_TESTABILITY = YES;
				ENABLE_USER_SCRIPT_SANDBOXING = YES;
				GCC_C_LANGUAGE_STANDARD = gnu17;
				GCC_DYNAMIC_NO_PIC = NO;
				GCC_NO_COMMON_BLOCKS = YES;
				GCC_OPTIMIZATION_LEVEL = 0;
				GCC_PREPROCESSOR_DEFINITIONS = (
					"DEBUG=1",
					"$(inherited)",
				);
				GCC_WARN_64_TO_32_BIT_CONVERSION = YES;
				GCC_WARN_ABOUT_RETURN_TYPE = YES_ERROR;
				GCC_WARN_UNDECLARED_SELECTOR = YES;
				GCC_WARN_UNINITIALIZED_AUTOS = YES_AGGRESSIVE;
				GCC_WARN_UNUSED_FUNCTION = YES;
				GCC_WARN_UNUSED_VARIABLE = YES;
				IPHONEOS_DEPLOYMENT_TARGET = 18.2;
				LOCALIZATION_PREFERS_STRING_CATALOGS = YES;
				MTL_ENABLE_DEBUG_INFO = INCLUDE_SOURCE;
				MTL_FAST_MATH = YES;
				ONLY_ACTIVE_ARCH = YES;
				SDKROOT = iphoneos;
				SWIFT_ACTIVE_COMPILATION_CONDITIONS = "DEBUG $(inherited)";
				SWIFT_OPTIMIZATION_LEVEL = "-Onone";
			};
			name = Debug;
		};
		DC8535D32D808AAC00CDE954 /* Release */ = {
			isa = XCBuildConfiguration;
			buildSettings = {
				ALWAYS_SEARCH_USER_PATHS = NO;
				ASSETCATALOG_COMPILER_GENERATE_SWIFT_ASSET_SYMBOL_EXTENSIONS = YES;
				CLANG_ANALYZER_NONNULL = YES;
				CLANG_ANALYZER_NUMBER_OBJECT_CONVERSION = YES_AGGRESSIVE;
				CLANG_CXX_LANGUAGE_STANDARD = "gnu++20";
				CLANG_ENABLE_MODULES = YES;
				CLANG_ENABLE_OBJC_ARC = YES;
				CLANG_ENABLE_OBJC_WEAK = YES;
				CLANG_WARN_BLOCK_CAPTURE_AUTORELEASING = YES;
				CLANG_WARN_BOOL_CONVERSION = YES;
				CLANG_WARN_COMMA = YES;
				CLANG_WARN_CONSTANT_CONVERSION = YES;
				CLANG_WARN_DEPRECATED_OBJC_IMPLEMENTATIONS = YES;
				CLANG_WARN_DIRECT_OBJC_ISA_USAGE = YES_ERROR;
				CLANG_WARN_DOCUMENTATION_COMMENTS = YES;
				CLANG_WARN_EMPTY_BODY = YES;
				CLANG_WARN_ENUM_CONVERSION = YES;
				CLANG_WARN_INFINITE_RECURSION = YES;
				CLANG_WARN_INT_CONVERSION = YES;
				CLANG_WARN_NON_LITERAL_NULL_CONVERSION = YES;
				CLANG_WARN_OBJC_IMPLICIT_RETAIN_SELF = YES;
				CLANG_WARN_OBJC_LITERAL_CONVERSION = YES;
				CLANG_WARN_OBJC_ROOT_CLASS = YES_ERROR;
				CLANG_WARN_QUOTED_INCLUDE_IN_FRAMEWORK_HEADER = YES;
				CLANG_WARN_RANGE_LOOP_ANALYSIS = YES;
				CLANG_WARN_STRICT_PROTOTYPES = YES;
				CLANG_WARN_SUSPICIOUS_MOVE = YES;
				CLANG_WARN_UNGUARDED_AVAILABILITY = YES_AGGRESSIVE;
				CLANG_WARN_UNREACHABLE_CODE = YES;
				CLANG_WARN__DUPLICATE_METHOD_MATCH = YES;
				COPY_PHASE_STRIP = NO;
				DEBUG_INFORMATION_FORMAT = "dwarf-with-dsym";
				ENABLE_NS_ASSERTIONS = NO;
				ENABLE_STRICT_OBJC_MSGSEND = YES;
				ENABLE_USER_SCRIPT_SANDBOXING = YES;
				GCC_C_LANGUAGE_STANDARD = gnu17;
				GCC_NO_COMMON_BLOCKS = YES;
				GCC_WARN_64_TO_32_BIT_CONVERSION = YES;
				GCC_WARN_ABOUT_RETURN_TYPE = YES_ERROR;
				GCC_WARN_UNDECLARED_SELECTOR = YES;
				GCC_WARN_UNINITIALIZED_AUTOS = YES_AGGRESSIVE;
				GCC_WARN_UNUSED_FUNCTION = YES;
				GCC_WARN_UNUSED_VARIABLE = YES;
				IPHONEOS_DEPLOYMENT_TARGET = 18.2;
				LOCALIZATION_PREFERS_STRING_CATALOGS = YES;
				MTL_ENABLE_DEBUG_INFO = NO;
				MTL_FAST_MATH = YES;
				SDKROOT = iphoneos;
				SWIFT_COMPILATION_MODE = wholemodule;
				VALIDATE_PRODUCT = YES;
			};
			name = Release;
		};
		DC8535D52D808AAC00CDE954 /* Debug */ = {
			isa = XCBuildConfiguration;
			buildSettings = {
				ASSETCATALOG_COMPILER_APPICON_NAME = AppIcon;
				ASSETCATALOG_COMPILER_GLOBAL_ACCENT_COLOR_NAME = AccentColor;
				CODE_SIGN_STYLE = Automatic;
				CURRENT_PROJECT_VERSION = 1;
				DEVELOPMENT_ASSET_PATHS = "\"ScreenRecorder/Preview Content\"";
				DEVELOPMENT_TEAM = ZWP9XW897T;
				ENABLE_PREVIEWS = YES;
				GENERATE_INFOPLIST_FILE = YES;
				INFOPLIST_KEY_UIApplicationSceneManifest_Generation = YES;
				INFOPLIST_KEY_UIApplicationSupportsIndirectInputEvents = YES;
				INFOPLIST_KEY_UILaunchScreen_Generation = YES;
				INFOPLIST_KEY_UISupportedInterfaceOrientations_iPad = "UIInterfaceOrientationPortrait UIInterfaceOrientationPortraitUpsideDown UIInterfaceOrientationLandscapeLeft UIInterfaceOrientationLandscapeRight";
				INFOPLIST_KEY_UISupportedInterfaceOrientations_iPhone = "UIInterfaceOrientationPortrait UIInterfaceOrientationLandscapeLeft UIInterfaceOrientationLandscapeRight";
				LD_RUNPATH_SEARCH_PATHS = (
					"$(inherited)",
					"@executable_path/Frameworks",
				);
				MARKETING_VERSION = 1.0;
				PRODUCT_BUNDLE_IDENTIFIER = io.avijeet.ScreenRecorder;
				PRODUCT_NAME = "$(TARGET_NAME)";
				SWIFT_EMIT_LOC_STRINGS = YES;
				SWIFT_VERSION = 5.0;
				TARGETED_DEVICE_FAMILY = "1,2";
			};
			name = Debug;
		};
		DC8535D62D808AAC00CDE954 /* Release */ = {
			isa = XCBuildConfiguration;
			buildSettings = {
				ASSETCATALOG_COMPILER_APPICON_NAME = AppIcon;
				ASSETCATALOG_COMPILER_GLOBAL_ACCENT_COLOR_NAME = AccentColor;
				CODE_SIGN_STYLE = Automatic;
				CURRENT_PROJECT_VERSION = 1;
				DEVELOPMENT_ASSET_PATHS = "\"ScreenRecorder/Preview Content\"";
				DEVELOPMENT_TEAM = ZWP9XW897T;
				ENABLE_PREVIEWS = YES;
				GENERATE_INFOPLIST_FILE = YES;
				INFOPLIST_KEY_UIApplicationSceneManifest_Generation = YES;
				INFOPLIST_KEY_UIApplicationSupportsIndirectInputEvents = YES;
				INFOPLIST_KEY_UILaunchScreen_Generation = YES;
				INFOPLIST_KEY_UISupportedInterfaceOrientations_iPad = "UIInterfaceOrientationPortrait UIInterfaceOrientationPortraitUpsideDown UIInterfaceOrientationLandscapeLeft UIInterfaceOrientationLandscapeRight";
				INFOPLIST_KEY_UISupportedInterfaceOrientations_iPhone = "UIInterfaceOrientationPortrait UIInterfaceOrientationLandscapeLeft UIInterfaceOrientationLandscapeRight";
				LD_RUNPATH_SEARCH_PATHS = (
					"$(inherited)",
					"@executable_path/Frameworks",
				);
				MARKETING_VERSION = 1.0;
				PRODUCT_BUNDLE_IDENTIFIER = io.avijeet.ScreenRecorder;
				PRODUCT_NAME = "$(TARGET_NAME)";
				SWIFT_EMIT_LOC_STRINGS = YES;
				SWIFT_VERSION = 5.0;
				TARGETED_DEVICE_FAMILY = "1,2";
			};
			name = Release;
		};
		DC8535D82D808AAC00CDE954 /* Debug */ = {
			isa = XCBuildConfiguration;
			buildSettings = {
				BUNDLE_LOADER = "$(TEST_HOST)";
				CODE_SIGN_STYLE = Automatic;
				CURRENT_PROJECT_VERSION = 1;
				DEVELOPMENT_TEAM = ZWP9XW897T;
				GENERATE_INFOPLIST_FILE = YES;
				IPHONEOS_DEPLOYMENT_TARGET = 18.2;
				MARKETING_VERSION = 1.0;
				PRODUCT_BUNDLE_IDENTIFIER = io.avijeet.ScreenRecorderTests;
				PRODUCT_NAME = "$(TARGET_NAME)";
				SWIFT_EMIT_LOC_STRINGS = NO;
				SWIFT_VERSION = 5.0;
				TARGETED_DEVICE_FAMILY = "1,2";
				TEST_HOST = "$(BUILT_PRODUCTS_DIR)/ScreenRecorder.app/$(BUNDLE_EXECUTABLE_FOLDER_PATH)/ScreenRecorder";
			};
			name = Debug;
		};
		DC8535D92D808AAC00CDE954 /* Release */ = {
			isa = XCBuildConfiguration;
			buildSettings = {
				BUNDLE_LOADER = "$(TEST_HOST)";
				CODE_SIGN_STYLE = Automatic;
				CURRENT_PROJECT_VERSION = 1;
				DEVELOPMENT_TEAM = ZWP9XW897T;
				GENERATE_INFOPLIST_FILE = YES;
				IPHONEOS_DEPLOYMENT_TARGET = 18.2;
				MARKETING_VERSION = 1.0;
				PRODUCT_BUNDLE_IDENTIFIER = io.avijeet.ScreenRecorderTests;
				PRODUCT_NAME = "$(TARGET_NAME)";
				SWIFT_EMIT_LOC_STRINGS = NO;
				SWIFT_VERSION = 5.0;
				TARGETED_DEVICE_FAMILY = "1,2";
				TEST_HOST = "$(BUILT_PRODUCTS_DIR)/ScreenRecorder.app/$(BUNDLE_EXECUTABLE_FOLDER_PATH)/ScreenRecorder";
			};
			name = Release;
		};
		DC8535DB2D808AAC00CDE954 /* Debug */ = {
			isa = XCBuildConfiguration;
			buildSettings = {
				CODE_SIGN_STYLE = Automatic;
				CURRENT_PROJECT_VERSION = 1;
				DEVELOPMENT_TEAM = ZWP9XW897T;
				GENERATE_INFOPLIST_FILE = YES;
				MARKETING_VERSION = 1.0;
				PRODUCT_BUNDLE_IDENTIFIER = io.avijeet.ScreenRecorderUITests;
				PRODUCT_NAME = "$(TARGET_NAME)";
				SWIFT_EMIT_LOC_STRINGS = NO;
				SWIFT_VERSION = 5.0;
				TARGETED_DEVICE_FAMILY = "1,2";
				TEST_TARGET_NAME = ScreenRecorder;
			};
			name = Debug;
		};
		DC8535DC2D808AAC00CDE954 /* Release */ = {
			isa = XCBuildConfiguration;
			buildSettings = {
				CODE_SIGN_STYLE = Automatic;
				CURRENT_PROJECT_VERSION = 1;
				DEVELOPMENT_TEAM = ZWP9XW897T;
				GENERATE_INFOPLIST_FILE = YES;
				MARKETING_VERSION = 1.0;
				PRODUCT_BUNDLE_IDENTIFIER = io.avijeet.ScreenRecorderUITests;
				PRODUCT_NAME = "$(TARGET_NAME)";
				SWIFT_EMIT_LOC_STRINGS = NO;
				SWIFT_VERSION = 5.0;
				TARGETED_DEVICE_FAMILY = "1,2";
				TEST_TARGET_NAME = ScreenRecorder;
			};
			name = Release;
		};
/* End XCBuildConfiguration section */

/* Begin XCConfigurationList section */
		DC8535AB2D808AAA00CDE954 /* Build configuration list for PBXProject "ScreenRecorder" */ = {
			isa = XCConfigurationList;
			buildConfigurations = (
				DC8535D22D808AAC00CDE954 /* Debug */,
				DC8535D32D808AAC00CDE954 /* Release */,
			);
			defaultConfigurationIsVisible = 0;
			defaultConfigurationName = Release;
		};
		DC8535D42D808AAC00CDE954 /* Build configuration list for PBXNativeTarget "ScreenRecorder" */ = {
			isa = XCConfigurationList;
			buildConfigurations = (
				DC8535D52D808AAC00CDE954 /* Debug */,
				DC8535D62D808AAC00CDE954 /* Release */,
			);
			defaultConfigurationIsVisible = 0;
			defaultConfigurationName = Release;
		};
		DC8535D72D808AAC00CDE954 /* Build configuration list for PBXNativeTarget "ScreenRecorderTests" */ = {
			isa = XCConfigurationList;
			buildConfigurations = (
				DC8535D82D808AAC00CDE954 /* Debug */,
				DC8535D92D808AAC00CDE954 /* Release */,
			);
			defaultConfigurationIsVisible = 0;
			defaultConfigurationName = Release;
		};
		DC8535DA2D808AAC00CDE954 /* Build configuration list for PBXNativeTarget "ScreenRecorderUITests" */ = {
			isa = XCConfigurationList;
			buildConfigurations = (
				DC8535DB2D808AAC00CDE954 /* Debug */,
				DC8535DC2D808AAC00CDE954 /* Release */,
			);
			defaultConfigurationIsVisible = 0;
			defaultConfigurationName = Release;
		};
/* End XCConfigurationList section */
	};
	rootObject = DC8535A82D808AAA00CDE954 /* Project object */;
}
